// !$*UTF8*$!
{
	archiveVersion = 1;
	classes = {
	};
	objectVersion = 56;
	objects = {

/* Begin PBXBuildFile section */
		0314EB101C02B40E7A709EBA /* Pods_PhotonGames.framework in Frameworks */ = {isa = PBXBuildFile; fileRef = D53C89FFF218A97143307F5B /* Pods_PhotonGames.framework */; };
		43E211BA2AF5EFC500C72A6E /* AppDelegate.swift in Sources */ = {isa = PBXBuildFile; fileRef = 43E211B92AF5EFC500C72A6E /* AppDelegate.swift */; };
		43E211BC2AF5EFC500C72A6E /* SceneDelegate.swift in Sources */ = {isa = PBXBuildFile; fileRef = 43E211BB2AF5EFC500C72A6E /* SceneDelegate.swift */; };
		43E211BE2AF5EFC500C72A6E /* ViewController.swift in Sources */ = {isa = PBXBuildFile; fileRef = 43E211BD2AF5EFC500C72A6E /* ViewController.swift */; };
		43E211C12AF5EFC500C72A6E /* Main.storyboard in Resources */ = {isa = PBXBuildFile; fileRef = 43E211BF2AF5EFC500C72A6E /* Main.storyboard */; };
		43E211C32AF5EFC700C72A6E /* Assets.xcassets in Resources */ = {isa = PBXBuildFile; fileRef = 43E211C22AF5EFC700C72A6E /* Assets.xcassets */; };
		43E211C62AF5EFC700C72A6E /* LaunchScreen.storyboard in Resources */ = {isa = PBXBuildFile; fileRef = 43E211C42AF5EFC700C72A6E /* LaunchScreen.storyboard */; };
		43E211D52AF5F6B500C72A6E /* R.generated.swift in Sources */ = {isa = PBXBuildFile; fileRef = 43E211D42AF5F6B500C72A6E /* R.generated.swift */; };
		43E211D72AF603CB00C72A6E /* NavigationService.swift in Sources */ = {isa = PBXBuildFile; fileRef = 43E211D62AF603CB00C72A6E /* NavigationService.swift */; };
		43E211DC2AF6054400C72A6E /* HomeVC.swift in Sources */ = {isa = PBXBuildFile; fileRef = 43E211DA2AF6054400C72A6E /* HomeVC.swift */; };
		43E211DD2AF6054400C72A6E /* HomeVC.xib in Resources */ = {isa = PBXBuildFile; fileRef = 43E211DB2AF6054400C72A6E /* HomeVC.xib */; };
		43E211E02AF6055D00C72A6E /* BaseVC.swift in Sources */ = {isa = PBXBuildFile; fileRef = 43E211DF2AF6055D00C72A6E /* BaseVC.swift */; };
/* End PBXBuildFile section */

/* Begin PBXFileReference section */
		43E211B62AF5EFC500C72A6E /* PhotonGames.app */ = {isa = PBXFileReference; explicitFileType = wrapper.application; includeInIndex = 0; path = PhotonGames.app; sourceTree = BUILT_PRODUCTS_DIR; };
		43E211B92AF5EFC500C72A6E /* AppDelegate.swift */ = {isa = PBXFileReference; lastKnownFileType = sourcecode.swift; path = AppDelegate.swift; sourceTree = "<group>"; };
		43E211BB2AF5EFC500C72A6E /* SceneDelegate.swift */ = {isa = PBXFileReference; lastKnownFileType = sourcecode.swift; path = SceneDelegate.swift; sourceTree = "<group>"; };
		43E211BD2AF5EFC500C72A6E /* ViewController.swift */ = {isa = PBXFileReference; lastKnownFileType = sourcecode.swift; path = ViewController.swift; sourceTree = "<group>"; };
		43E211C02AF5EFC500C72A6E /* Base */ = {isa = PBXFileReference; lastKnownFileType = file.storyboard; name = Base; path = Base.lproj/Main.storyboard; sourceTree = "<group>"; };
		43E211C22AF5EFC700C72A6E /* Assets.xcassets */ = {isa = PBXFileReference; lastKnownFileType = folder.assetcatalog; path = Assets.xcassets; sourceTree = "<group>"; };
		43E211C52AF5EFC700C72A6E /* Base */ = {isa = PBXFileReference; lastKnownFileType = file.storyboard; name = Base; path = Base.lproj/LaunchScreen.storyboard; sourceTree = "<group>"; };
		43E211C72AF5EFC700C72A6E /* Info.plist */ = {isa = PBXFileReference; lastKnownFileType = text.plist.xml; path = Info.plist; sourceTree = "<group>"; };
		43E211D42AF5F6B500C72A6E /* R.generated.swift */ = {isa = PBXFileReference; fileEncoding = 4; lastKnownFileType = sourcecode.swift; path = R.generated.swift; sourceTree = "<group>"; };
		43E211D62AF603CB00C72A6E /* NavigationService.swift */ = {isa = PBXFileReference; lastKnownFileType = sourcecode.swift; path = NavigationService.swift; sourceTree = "<group>"; };
		43E211DA2AF6054400C72A6E /* HomeVC.swift */ = {isa = PBXFileReference; lastKnownFileType = sourcecode.swift; path = HomeVC.swift; sourceTree = "<group>"; };
		43E211DB2AF6054400C72A6E /* HomeVC.xib */ = {isa = PBXFileReference; lastKnownFileType = file.xib; path = HomeVC.xib; sourceTree = "<group>"; };
		43E211DF2AF6055D00C72A6E /* BaseVC.swift */ = {isa = PBXFileReference; lastKnownFileType = sourcecode.swift; path = BaseVC.swift; sourceTree = "<group>"; };
		6301B031DD5791F358D4F178 /* Pods-PhotonGames.debug.xcconfig */ = {isa = PBXFileReference; includeInIndex = 1; lastKnownFileType = text.xcconfig; name = "Pods-PhotonGames.debug.xcconfig"; path = "Target Support Files/Pods-PhotonGames/Pods-PhotonGames.debug.xcconfig"; sourceTree = "<group>"; };
		6F9C9E9744CD3FC783C6A784 /* Pods-PhotonGames.release.xcconfig */ = {isa = PBXFileReference; includeInIndex = 1; lastKnownFileType = text.xcconfig; name = "Pods-PhotonGames.release.xcconfig"; path = "Target Support Files/Pods-PhotonGames/Pods-PhotonGames.release.xcconfig"; sourceTree = "<group>"; };
		D53C89FFF218A97143307F5B /* Pods_PhotonGames.framework */ = {isa = PBXFileReference; explicitFileType = wrapper.framework; includeInIndex = 0; path = Pods_PhotonGames.framework; sourceTree = BUILT_PRODUCTS_DIR; };
/* End PBXFileReference section */

/* Begin PBXFrameworksBuildPhase section */
		43E211B32AF5EFC500C72A6E /* Frameworks */ = {
			isa = PBXFrameworksBuildPhase;
			buildActionMask = 2147483647;
			files = (
				0314EB101C02B40E7A709EBA /* Pods_PhotonGames.framework in Frameworks */,
			);
			runOnlyForDeploymentPostprocessing = 0;
		};
/* End PBXFrameworksBuildPhase section */

/* Begin PBXGroup section */
		43E211AD2AF5EFC500C72A6E = {
			isa = PBXGroup;
			children = (
				43E211D42AF5F6B500C72A6E /* R.generated.swift */,
				43E211B82AF5EFC500C72A6E /* PhotonGames */,
				43E211B72AF5EFC500C72A6E /* Products */,
				F383C3D876E5310FBAC9B063 /* Pods */,
				63D44A60595BEE73DD5796C4 /* Frameworks */,
			);
			sourceTree = "<group>";
		};
		43E211B72AF5EFC500C72A6E /* Products */ = {
			isa = PBXGroup;
			children = (
				43E211B62AF5EFC500C72A6E /* PhotonGames.app */,
			);
			name = Products;
			sourceTree = "<group>";
		};
		43E211B82AF5EFC500C72A6E /* PhotonGames */ = {
			isa = PBXGroup;
			children = (
				43E211CD2AF5F16100C72A6E /* AppDelegate */,
				43E211CF2AF5F48200C72A6E /* ViewControllers */,
				43E211D12AF5F49B00C72A6E /* CustomViews */,
				43E211D02AF5F49500C72A6E /* Models */,
				43E211D22AF5F4A700C72A6E /* Services */,
				43E211CE2AF5F47300C72A6E /* SupportFiles */,
			);
			path = PhotonGames;
			sourceTree = "<group>";
		};
		43E211CD2AF5F16100C72A6E /* AppDelegate */ = {
			isa = PBXGroup;
			children = (
				43E211B92AF5EFC500C72A6E /* AppDelegate.swift */,
				43E211BB2AF5EFC500C72A6E /* SceneDelegate.swift */,
			);
			path = AppDelegate;
			sourceTree = "<group>";
		};
		43E211CE2AF5F47300C72A6E /* SupportFiles */ = {
			isa = PBXGroup;
			children = (
				43E211BD2AF5EFC500C72A6E /* ViewController.swift */,
				43E211BF2AF5EFC500C72A6E /* Main.storyboard */,
				43E211C22AF5EFC700C72A6E /* Assets.xcassets */,
				43E211C42AF5EFC700C72A6E /* LaunchScreen.storyboard */,
				43E211C72AF5EFC700C72A6E /* Info.plist */,
			);
			path = SupportFiles;
			sourceTree = "<group>";
		};
		43E211CF2AF5F48200C72A6E /* ViewControllers */ = {
			isa = PBXGroup;
			children = (
				43E211D92AF6052F00C72A6E /* Home */,
			);
			path = ViewControllers;
			sourceTree = "<group>";
		};
		43E211D02AF5F49500C72A6E /* Models */ = {
			isa = PBXGroup;
			children = (
			);
			path = Models;
			sourceTree = "<group>";
		};
		43E211D12AF5F49B00C72A6E /* CustomViews */ = {
			isa = PBXGroup;
			children = (
				43E211DE2AF6054D00C72A6E /* Base */,
			);
			path = CustomViews;
			sourceTree = "<group>";
		};
		43E211D22AF5F4A700C72A6E /* Services */ = {
			isa = PBXGroup;
			children = (
				43E211D82AF603D700C72A6E /* Extensions */,
				43E211D62AF603CB00C72A6E /* NavigationService.swift */,
			);
			path = Services;
			sourceTree = "<group>";
		};
		43E211D82AF603D700C72A6E /* Extensions */ = {
			isa = PBXGroup;
			children = (
			);
			path = Extensions;
			sourceTree = "<group>";
		};
		43E211D92AF6052F00C72A6E /* Home */ = {
			isa = PBXGroup;
			children = (
				43E211DA2AF6054400C72A6E /* HomeVC.swift */,
				43E211DB2AF6054400C72A6E /* HomeVC.xib */,
			);
			path = Home;
			sourceTree = "<group>";
		};
		43E211DE2AF6054D00C72A6E /* Base */ = {
			isa = PBXGroup;
			children = (
				43E211DF2AF6055D00C72A6E /* BaseVC.swift */,
			);
			path = Base;
			sourceTree = "<group>";
		};
		63D44A60595BEE73DD5796C4 /* Frameworks */ = {
			isa = PBXGroup;
			children = (
				D53C89FFF218A97143307F5B /* Pods_PhotonGames.framework */,
			);
			name = Frameworks;
			sourceTree = "<group>";
		};
		F383C3D876E5310FBAC9B063 /* Pods */ = {
			isa = PBXGroup;
			children = (
				6301B031DD5791F358D4F178 /* Pods-PhotonGames.debug.xcconfig */,
				6F9C9E9744CD3FC783C6A784 /* Pods-PhotonGames.release.xcconfig */,
			);
			path = Pods;
			sourceTree = "<group>";
		};
/* End PBXGroup section */

/* Begin PBXNativeTarget section */
		43E211B52AF5EFC500C72A6E /* PhotonGames */ = {
			isa = PBXNativeTarget;
			buildConfigurationList = 43E211CA2AF5EFC700C72A6E /* Build configuration list for PBXNativeTarget "PhotonGames" */;
			buildPhases = (
				C4D730F58A6944FE2DA53CD9 /* [CP] Check Pods Manifest.lock */,
				43E211D32AF5F5DA00C72A6E /* ShellScript */,
				43E211B22AF5EFC500C72A6E /* Sources */,
				43E211B32AF5EFC500C72A6E /* Frameworks */,
				43E211B42AF5EFC500C72A6E /* Resources */,
				A4F2D3F372FC50373F2E00CA /* [CP] Embed Pods Frameworks */,
			);
			buildRules = (
			);
			dependencies = (
			);
			name = PhotonGames;
			productName = PhotonGames;
			productReference = 43E211B62AF5EFC500C72A6E /* PhotonGames.app */;
			productType = "com.apple.product-type.application";
		};
/* End PBXNativeTarget section */

/* Begin PBXProject section */
		43E211AE2AF5EFC500C72A6E /* Project object */ = {
			isa = PBXProject;
			attributes = {
				BuildIndependentTargetsInParallel = 1;
				LastSwiftUpdateCheck = 1500;
				LastUpgradeCheck = 1500;
				ORGANIZATIONNAME = "The Photon";
				TargetAttributes = {
					43E211B52AF5EFC500C72A6E = {
						CreatedOnToolsVersion = 15.0.1;
					};
				};
			};
			buildConfigurationList = 43E211B12AF5EFC500C72A6E /* Build configuration list for PBXProject "PhotonGames" */;
			compatibilityVersion = "Xcode 14.0";
			developmentRegion = en;
			hasScannedForEncodings = 0;
			knownRegions = (
				en,
				Base,
			);
			mainGroup = 43E211AD2AF5EFC500C72A6E;
			productRefGroup = 43E211B72AF5EFC500C72A6E /* Products */;
			projectDirPath = "";
			projectRoot = "";
			targets = (
				43E211B52AF5EFC500C72A6E /* PhotonGames */,
			);
		};
/* End PBXProject section */

/* Begin PBXResourcesBuildPhase section */
		43E211B42AF5EFC500C72A6E /* Resources */ = {
			isa = PBXResourcesBuildPhase;
			buildActionMask = 2147483647;
			files = (
				43E211C62AF5EFC700C72A6E /* LaunchScreen.storyboard in Resources */,
				43E211DD2AF6054400C72A6E /* HomeVC.xib in Resources */,
				43E211C32AF5EFC700C72A6E /* Assets.xcassets in Resources */,
				43E211C12AF5EFC500C72A6E /* Main.storyboard in Resources */,
			);
			runOnlyForDeploymentPostprocessing = 0;
		};
/* End PBXResourcesBuildPhase section */

/* Begin PBXShellScriptBuildPhase section */
		43E211D32AF5F5DA00C72A6E /* ShellScript */ = {
			isa = PBXShellScriptBuildPhase;
			alwaysOutOfDate = 1;
			buildActionMask = 2147483647;
			files = (
			);
			inputFileListPaths = (
			);
			inputPaths = (
			);
			outputFileListPaths = (
			);
			outputPaths = (
				$SRCROOT/R.generated.swift,
			);
			runOnlyForDeploymentPostprocessing = 0;
			shellPath = /bin/sh;
			shellScript = "# Type a script or drag a script file from your workspace to insert its path.\n\"$PODS_ROOT/R.swift/rswift\" generate \"$SRCROOT/R.generated.swift\"\n";
		};
		A4F2D3F372FC50373F2E00CA /* [CP] Embed Pods Frameworks */ = {
			isa = PBXShellScriptBuildPhase;
			buildActionMask = 2147483647;
			files = (
			);
			inputFileListPaths = (
				"${PODS_ROOT}/Target Support Files/Pods-PhotonGames/Pods-PhotonGames-frameworks-${CONFIGURATION}-input-files.xcfilelist",
			);
			name = "[CP] Embed Pods Frameworks";
			outputFileListPaths = (
				"${PODS_ROOT}/Target Support Files/Pods-PhotonGames/Pods-PhotonGames-frameworks-${CONFIGURATION}-output-files.xcfilelist",
			);
			runOnlyForDeploymentPostprocessing = 0;
			shellPath = /bin/sh;
			shellScript = "\"${PODS_ROOT}/Target Support Files/Pods-PhotonGames/Pods-PhotonGames-frameworks.sh\"\n";
			showEnvVarsInLog = 0;
		};
		C4D730F58A6944FE2DA53CD9 /* [CP] Check Pods Manifest.lock */ = {
			isa = PBXShellScriptBuildPhase;
			buildActionMask = 2147483647;
			files = (
			);
			inputFileListPaths = (
			);
			inputPaths = (
				"${PODS_PODFILE_DIR_PATH}/Podfile.lock",
				"${PODS_ROOT}/Manifest.lock",
			);
			name = "[CP] Check Pods Manifest.lock";
			outputFileListPaths = (
			);
			outputPaths = (
				"$(DERIVED_FILE_DIR)/Pods-PhotonGames-checkManifestLockResult.txt",
			);
			runOnlyForDeploymentPostprocessing = 0;
			shellPath = /bin/sh;
			shellScript = "diff \"${PODS_PODFILE_DIR_PATH}/Podfile.lock\" \"${PODS_ROOT}/Manifest.lock\" > /dev/null\nif [ $? != 0 ] ; then\n    # print error to STDERR\n    echo \"error: The sandbox is not in sync with the Podfile.lock. Run 'pod install' or update your CocoaPods installation.\" >&2\n    exit 1\nfi\n# This output is used by Xcode 'outputs' to avoid re-running this script phase.\necho \"SUCCESS\" > \"${SCRIPT_OUTPUT_FILE_0}\"\n";
			showEnvVarsInLog = 0;
		};
/* End PBXShellScriptBuildPhase section */

/* Begin PBXSourcesBuildPhase section */
		43E211B22AF5EFC500C72A6E /* Sources */ = {
			isa = PBXSourcesBuildPhase;
			buildActionMask = 2147483647;
			files = (
				43E211D72AF603CB00C72A6E /* NavigationService.swift in Sources */,
				43E211BE2AF5EFC500C72A6E /* ViewController.swift in Sources */,
				43E211BA2AF5EFC500C72A6E /* AppDelegate.swift in Sources */,
				43E211DC2AF6054400C72A6E /* HomeVC.swift in Sources */,
				43E211BC2AF5EFC500C72A6E /* SceneDelegate.swift in Sources */,
				43E211E02AF6055D00C72A6E /* BaseVC.swift in Sources */,
				43E211D52AF5F6B500C72A6E /* R.generated.swift in Sources */,
			);
			runOnlyForDeploymentPostprocessing = 0;
		};
/* End PBXSourcesBuildPhase section */

/* Begin PBXVariantGroup section */
		43E211BF2AF5EFC500C72A6E /* Main.storyboard */ = {
			isa = PBXVariantGroup;
			children = (
				43E211C02AF5EFC500C72A6E /* Base */,
			);
			name = Main.storyboard;
			sourceTree = "<group>";
		};
		43E211C42AF5EFC700C72A6E /* LaunchScreen.storyboard */ = {
			isa = PBXVariantGroup;
			children = (
				43E211C52AF5EFC700C72A6E /* Base */,
			);
			name = LaunchScreen.storyboard;
			sourceTree = "<group>";
		};
/* End PBXVariantGroup section */

/* Begin XCBuildConfiguration section */
		43E211C82AF5EFC700C72A6E /* Debug */ = {
			isa = XCBuildConfiguration;
			buildSettings = {
				ALWAYS_SEARCH_USER_PATHS = NO;
				ASSETCATALOG_COMPILER_GENERATE_SWIFT_ASSET_SYMBOL_EXTENSIONS = YES;
				CLANG_ANALYZER_NONNULL = YES;
				CLANG_ANALYZER_NUMBER_OBJECT_CONVERSION = YES_AGGRESSIVE;
				CLANG_CXX_LANGUAGE_STANDARD = "gnu++20";
				CLANG_ENABLE_MODULES = YES;
				CLANG_ENABLE_OBJC_ARC = YES;
				CLANG_ENABLE_OBJC_WEAK = YES;
				CLANG_WARN_BLOCK_CAPTURE_AUTORELEASING = YES;
				CLANG_WARN_BOOL_CONVERSION = YES;
				CLANG_WARN_COMMA = YES;
				CLANG_WARN_CONSTANT_CONVERSION = YES;
				CLANG_WARN_DEPRECATED_OBJC_IMPLEMENTATIONS = YES;
				CLANG_WARN_DIRECT_OBJC_ISA_USAGE = YES_ERROR;
				CLANG_WARN_DOCUMENTATION_COMMENTS = YES;
				CLANG_WARN_EMPTY_BODY = YES;
				CLANG_WARN_ENUM_CONVERSION = YES;
				CLANG_WARN_INFINITE_RECURSION = YES;
				CLANG_WARN_INT_CONVERSION = YES;
				CLANG_WARN_NON_LITERAL_NULL_CONVERSION = YES;
				CLANG_WARN_OBJC_IMPLICIT_RETAIN_SELF = YES;
				CLANG_WARN_OBJC_LITERAL_CONVERSION = YES;
				CLANG_WARN_OBJC_ROOT_CLASS = YES_ERROR;
				CLANG_WARN_QUOTED_INCLUDE_IN_FRAMEWORK_HEADER = YES;
				CLANG_WARN_RANGE_LOOP_ANALYSIS = YES;
				CLANG_WARN_STRICT_PROTOTYPES = YES;
				CLANG_WARN_SUSPICIOUS_MOVE = YES;
				CLANG_WARN_UNGUARDED_AVAILABILITY = YES_AGGRESSIVE;
				CLANG_WARN_UNREACHABLE_CODE = YES;
				CLANG_WARN__DUPLICATE_METHOD_MATCH = YES;
				COPY_PHASE_STRIP = NO;
				DEBUG_INFORMATION_FORMAT = dwarf;
				ENABLE_STRICT_OBJC_MSGSEND = YES;
				ENABLE_TESTABILITY = YES;
				ENABLE_USER_SCRIPT_SANDBOXING = YES;
				GCC_C_LANGUAGE_STANDARD = gnu17;
				GCC_DYNAMIC_NO_PIC = NO;
				GCC_NO_COMMON_BLOCKS = YES;
				GCC_OPTIMIZATION_LEVEL = 0;
				GCC_PREPROCESSOR_DEFINITIONS = (
					"DEBUG=1",
					"$(inherited)",
				);
				GCC_WARN_64_TO_32_BIT_CONVERSION = YES;
				GCC_WARN_ABOUT_RETURN_TYPE = YES_ERROR;
				GCC_WARN_UNDECLARED_SELECTOR = YES;
				GCC_WARN_UNINITIALIZED_AUTOS = YES_AGGRESSIVE;
				GCC_WARN_UNUSED_FUNCTION = YES;
				GCC_WARN_UNUSED_VARIABLE = YES;
				IPHONEOS_DEPLOYMENT_TARGET = 17.0;
				LOCALIZATION_PREFERS_STRING_CATALOGS = YES;
				MTL_ENABLE_DEBUG_INFO = INCLUDE_SOURCE;
				MTL_FAST_MATH = YES;
				ONLY_ACTIVE_ARCH = YES;
				SDKROOT = iphoneos;
				SWIFT_ACTIVE_COMPILATION_CONDITIONS = "DEBUG $(inherited)";
				SWIFT_OPTIMIZATION_LEVEL = "-Onone";
			};
			name = Debug;
		};
		43E211C92AF5EFC700C72A6E /* Release */ = {
			isa = XCBuildConfiguration;
			buildSettings = {
				ALWAYS_SEARCH_USER_PATHS = NO;
				ASSETCATALOG_COMPILER_GENERATE_SWIFT_ASSET_SYMBOL_EXTENSIONS = YES;
				CLANG_ANALYZER_NONNULL = YES;
				CLANG_ANALYZER_NUMBER_OBJECT_CONVERSION = YES_AGGRESSIVE;
				CLANG_CXX_LANGUAGE_STANDARD = "gnu++20";
				CLANG_ENABLE_MODULES = YES;
				CLANG_ENABLE_OBJC_ARC = YES;
				CLANG_ENABLE_OBJC_WEAK = YES;
				CLANG_WARN_BLOCK_CAPTURE_AUTORELEASING = YES;
				CLANG_WARN_BOOL_CONVERSION = YES;
				CLANG_WARN_COMMA = YES;
				CLANG_WARN_CONSTANT_CONVERSION = YES;
				CLANG_WARN_DEPRECATED_OBJC_IMPLEMENTATIONS = YES;
				CLANG_WARN_DIRECT_OBJC_ISA_USAGE = YES_ERROR;
				CLANG_WARN_DOCUMENTATION_COMMENTS = YES;
				CLANG_WARN_EMPTY_BODY = YES;
				CLANG_WARN_ENUM_CONVERSION = YES;
				CLANG_WARN_INFINITE_RECURSION = YES;
				CLANG_WARN_INT_CONVERSION = YES;
				CLANG_WARN_NON_LITERAL_NULL_CONVERSION = YES;
				CLANG_WARN_OBJC_IMPLICIT_RETAIN_SELF = YES;
				CLANG_WARN_OBJC_LITERAL_CONVERSION = YES;
				CLANG_WARN_OBJC_ROOT_CLASS = YES_ERROR;
				CLANG_WARN_QUOTED_INCLUDE_IN_FRAMEWORK_HEADER = YES;
				CLANG_WARN_RANGE_LOOP_ANALYSIS = YES;
				CLANG_WARN_STRICT_PROTOTYPES = YES;
				CLANG_WARN_SUSPICIOUS_MOVE = YES;
				CLANG_WARN_UNGUARDED_AVAILABILITY = YES_AGGRESSIVE;
				CLANG_WARN_UNREACHABLE_CODE = YES;
				CLANG_WARN__DUPLICATE_METHOD_MATCH = YES;
				COPY_PHASE_STRIP = NO;
				DEBUG_INFORMATION_FORMAT = "dwarf-with-dsym";
				ENABLE_NS_ASSERTIONS = NO;
				ENABLE_STRICT_OBJC_MSGSEND = YES;
				ENABLE_USER_SCRIPT_SANDBOXING = YES;
				GCC_C_LANGUAGE_STANDARD = gnu17;
				GCC_NO_COMMON_BLOCKS = YES;
				GCC_WARN_64_TO_32_BIT_CONVERSION = YES;
				GCC_WARN_ABOUT_RETURN_TYPE = YES_ERROR;
				GCC_WARN_UNDECLARED_SELECTOR = YES;
				GCC_WARN_UNINITIALIZED_AUTOS = YES_AGGRESSIVE;
				GCC_WARN_UNUSED_FUNCTION = YES;
				GCC_WARN_UNUSED_VARIABLE = YES;
				IPHONEOS_DEPLOYMENT_TARGET = 17.0;
				LOCALIZATION_PREFERS_STRING_CATALOGS = YES;
				MTL_ENABLE_DEBUG_INFO = NO;
				MTL_FAST_MATH = YES;
				SDKROOT = iphoneos;
				SWIFT_COMPILATION_MODE = wholemodule;
				VALIDATE_PRODUCT = YES;
			};
			name = Release;
		};
		43E211CB2AF5EFC700C72A6E /* Debug */ = {
			isa = XCBuildConfiguration;
			baseConfigurationReference = 6301B031DD5791F358D4F178 /* Pods-PhotonGames.debug.xcconfig */;
			buildSettings = {
				ASSETCATALOG_COMPILER_APPICON_NAME = AppIcon;
				ASSETCATALOG_COMPILER_GLOBAL_ACCENT_COLOR_NAME = AccentColor;
				CODE_SIGN_STYLE = Automatic;
				CURRENT_PROJECT_VERSION = 1;
				DEVELOPMENT_TEAM = CV9WQL8HG9;
				ENABLE_USER_SCRIPT_SANDBOXING = NO;
				GENERATE_INFOPLIST_FILE = YES;
				INFOPLIST_FILE = PhotonGames/SupportFiles/Info.plist;
				INFOPLIST_KEY_UIApplicationSupportsIndirectInputEvents = YES;
				INFOPLIST_KEY_UILaunchStoryboardName = LaunchScreen;
				INFOPLIST_KEY_UIMainStoryboardFile = Main;
				INFOPLIST_KEY_UISupportedInterfaceOrientations = UIInterfaceOrientationPortrait;
				INFOPLIST_KEY_UISupportedInterfaceOrientations_iPad = "UIInterfaceOrientationPortrait UIInterfaceOrientationPortraitUpsideDown";
				IPHONEOS_DEPLOYMENT_TARGET = 14.0;
				LD_RUNPATH_SEARCH_PATHS = (
					"$(inherited)",
					"@executable_path/Frameworks",
				);
				MARKETING_VERSION = 1.0;
				PRODUCT_BUNDLE_IDENTIFIER = com.dattranpt19.PhotonGames;
				PRODUCT_NAME = "$(TARGET_NAME)";
				SUPPORTED_PLATFORMS = "iphoneos iphonesimulator";
				SUPPORTS_MACCATALYST = NO;
				SUPPORTS_MAC_DESIGNED_FOR_IPHONE_IPAD = NO;
				SWIFT_EMIT_LOC_STRINGS = YES;
				SWIFT_VERSION = 5.0;
				TARGETED_DEVICE_FAMILY = "1,2";
			};
			name = Debug;
		};
		43E211CC2AF5EFC700C72A6E /* Release */ = {
			isa = XCBuildConfiguration;
			baseConfigurationReference = 6F9C9E9744CD3FC783C6A784 /* Pods-PhotonGames.release.xcconfig */;
			buildSettings = {
				ASSETCATALOG_COMPILER_APPICON_NAME = AppIcon;
				ASSETCATALOG_COMPILER_GLOBAL_ACCENT_COLOR_NAME = AccentColor;
				CODE_SIGN_STYLE = Automatic;
				CURRENT_PROJECT_VERSION = 1;
				DEVELOPMENT_TEAM = CV9WQL8HG9;
				ENABLE_USER_SCRIPT_SANDBOXING = NO;
				GENERATE_INFOPLIST_FILE = YES;
				INFOPLIST_FILE = PhotonGames/SupportFiles/Info.plist;
				INFOPLIST_KEY_UIApplicationSupportsIndirectInputEvents = YES;
				INFOPLIST_KEY_UILaunchStoryboardName = LaunchScreen;
				INFOPLIST_KEY_UIMainStoryboardFile = Main;
				INFOPLIST_KEY_UISupportedInterfaceOrientations = UIInterfaceOrientationPortrait;
				INFOPLIST_KEY_UISupportedInterfaceOrientations_iPad = "UIInterfaceOrientationPortrait UIInterfaceOrientationPortraitUpsideDown";
				IPHONEOS_DEPLOYMENT_TARGET = 14.0;
				LD_RUNPATH_SEARCH_PATHS = (
					"$(inherited)",
					"@executable_path/Frameworks",
				);
				MARKETING_VERSION = 1.0;
				PRODUCT_BUNDLE_IDENTIFIER = com.dattranpt19.PhotonGames;
				PRODUCT_NAME = "$(TARGET_NAME)";
				SUPPORTED_PLATFORMS = "iphoneos iphonesimulator";
				SUPPORTS_MACCATALYST = NO;
				SUPPORTS_MAC_DESIGNED_FOR_IPHONE_IPAD = NO;
				SWIFT_EMIT_LOC_STRINGS = YES;
				SWIFT_VERSION = 5.0;
				TARGETED_DEVICE_FAMILY = "1,2";
			};
			name = Release;
		};
/* End XCBuildConfiguration section */

/* Begin XCConfigurationList section */
		43E211B12AF5EFC500C72A6E /* Build configuration list for PBXProject "PhotonGames" */ = {
			isa = XCConfigurationList;
			buildConfigurations = (
				43E211C82AF5EFC700C72A6E /* Debug */,
				43E211C92AF5EFC700C72A6E /* Release */,
			);
			defaultConfigurationIsVisible = 0;
			defaultConfigurationName = Release;
		};
		43E211CA2AF5EFC700C72A6E /* Build configuration list for PBXNativeTarget "PhotonGames" */ = {
			isa = XCConfigurationList;
			buildConfigurations = (
				43E211CB2AF5EFC700C72A6E /* Debug */,
				43E211CC2AF5EFC700C72A6E /* Release */,
			);
			defaultConfigurationIsVisible = 0;
			defaultConfigurationName = Release;
		};
/* End XCConfigurationList section */
	};
	rootObject = 43E211AE2AF5EFC500C72A6E /* Project object */;
}
